
Microsoft Visual Studio Solution File, Format Version 12.00
# Visual Studio Version 16
VisualStudioVersion = 16.0.29123.88
MinimumVisualStudioVersion = 10.0.40219.1
Project("{9A19103F-16F7-4668-BE54-9A1E7A4F7556}") = "Genealogix.Records.Api", ".\Genealogix.Records.Api\Genealogix.Records.Api.csproj", "{5F563DBD-25DC-416E-A41E-AB5DF8F33145}"
EndProject
Project("{9A19103F-16F7-4668-BE54-9A1E7A4F7556}") = "Genealogix.Records.Api.Tests", ".\Genealogix.Records.Api.Tests\Genealogix.Records.Api.Tests.csproj", "{6A211EB1-A7DF-4D9C-B73E-8A92EEB5A0AE}"
EndProject
Global
	GlobalSection(SolutionConfigurationPlatforms) = preSolution
		Debug|Any CPU = Debug|Any CPU
		Release|Any CPU = Release|Any CPU
	EndGlobalSection
	GlobalSection(ProjectConfigurationPlatforms) = postSolution
		{5F563DBD-25DC-416E-A41E-AB5DF8F33145}.Debug|Any CPU.ActiveCfg = Debug|Any CPU
		{5F563DBD-25DC-416E-A41E-AB5DF8F33145}.Debug|Any CPU.Build.0 = Debug|Any CPU
		{5F563DBD-25DC-416E-A41E-AB5DF8F33145}.Release|Any CPU.ActiveCfg = Release|Any CPU
		{5F563DBD-25DC-416E-A41E-AB5DF8F33145}.Release|Any CPU.Build.0 = Release|Any CPU
		{6A211EB1-A7DF-4D9C-B73E-8A92EEB5A0AE}.Debug|Any CPU.ActiveCfg = Debug|Any CPU
		{6A211EB1-A7DF-4D9C-B73E-8A92EEB5A0AE}.Debug|Any CPU.Build.0 = Debug|Any CPU
		{6A211EB1-A7DF-4D9C-B73E-8A92EEB5A0AE}.Release|Any CPU.ActiveCfg = Release|Any CPU
		{6A211EB1-A7DF-4D9C-B73E-8A92EEB5A0AE}.Release|Any CPU.Build.0 = Release|Any CPU
	EndGlobalSection
	GlobalSection(SolutionProperties) = preSolution
		HideSolutionNode = FALSE
	EndGlobalSection
	GlobalSection(ExtensibilityGlobals) = postSolution
		SolutionGuid = {1EE746B8-E26E-445F-AE8E-578CA72B17E7}
	EndGlobalSection
EndGlobal
